// !$*UTF8*$!
{
	archiveVersion = 1;
	classes = {
	};
	objectVersion = 46;
	objects = {

/* Begin PBXBuildFile section */
		3F92A7941EEEBFA400D0F095 /* countries.json in Resources */ = {isa = PBXBuildFile; fileRef = 3F92A78C1EEEBFA400D0F095 /* countries.json */; };
		3F92A7961EEEBFA400D0F095 /* CountryControls.xcassets in Resources */ = {isa = PBXBuildFile; fileRef = 3F92A78E1EEEBFA400D0F095 /* CountryControls.xcassets */; };
		3F92A7971EEEBFA400D0F095 /* CountriesDataSource.swift in Sources */ = {isa = PBXBuildFile; fileRef = 3F92A78F1EEEBFA400D0F095 /* CountriesDataSource.swift */; };
		3F92A7981EEEBFA400D0F095 /* CountriesViewController.swift in Sources */ = {isa = PBXBuildFile; fileRef = 3F92A7901EEEBFA400D0F095 /* CountriesViewController.swift */; };
		3F92A7991EEEBFA400D0F095 /* CountriesViewController.xib in Resources */ = {isa = PBXBuildFile; fileRef = 3F92A7911EEEBFA400D0F095 /* CountriesViewController.xib */; };
		3F92A79A1EEEBFA400D0F095 /* Extentions.swift in Sources */ = {isa = PBXBuildFile; fileRef = 3F92A7921EEEBFA400D0F095 /* Extentions.swift */; };
		3F92A79B1EEEBFA400D0F095 /* FMCountryTextField.swift in Sources */ = {isa = PBXBuildFile; fileRef = 3F92A7931EEEBFA400D0F095 /* FMCountryTextField.swift */; };
		3FA8615B1EE55FEB004A43B2 /* AppDelegate.swift in Sources */ = {isa = PBXBuildFile; fileRef = 3FA8615A1EE55FEB004A43B2 /* AppDelegate.swift */; };
		3FA8615D1EE55FEB004A43B2 /* ViewController.swift in Sources */ = {isa = PBXBuildFile; fileRef = 3FA8615C1EE55FEB004A43B2 /* ViewController.swift */; };
		3FA861601EE55FEB004A43B2 /* Main.storyboard in Resources */ = {isa = PBXBuildFile; fileRef = 3FA8615E1EE55FEB004A43B2 /* Main.storyboard */; };
		3FA861621EE55FEB004A43B2 /* Assets.xcassets in Resources */ = {isa = PBXBuildFile; fileRef = 3FA861611EE55FEB004A43B2 /* Assets.xcassets */; };
		3FA861651EE55FEB004A43B2 /* LaunchScreen.storyboard in Resources */ = {isa = PBXBuildFile; fileRef = 3FA861631EE55FEB004A43B2 /* LaunchScreen.storyboard */; };
		EF8E15C923169B1300E0D2DB /* Country.swift in Sources */ = {isa = PBXBuildFile; fileRef = EF8E15C823169B1300E0D2DB /* Country.swift */; };
		EF8E15CF2317ABE400E0D2DB /* CountryCell.swift in Sources */ = {isa = PBXBuildFile; fileRef = EF8E15CD2317ABE400E0D2DB /* CountryCell.swift */; };
		EF8E15D02317ABE400E0D2DB /* CountryCell.xib in Resources */ = {isa = PBXBuildFile; fileRef = EF8E15CE2317ABE400E0D2DB /* CountryCell.xib */; };
		EF8E15D32317B00600E0D2DB /* Language.swift in Sources */ = {isa = PBXBuildFile; fileRef = EF8E15D22317B00600E0D2DB /* Language.swift */; };
/* End PBXBuildFile section */

/* Begin PBXFileReference section */
		3F92A78C1EEEBFA400D0F095 /* countries.json */ = {isa = PBXFileReference; fileEncoding = 4; lastKnownFileType = text.json; path = countries.json; sourceTree = "<group>"; };
		3F92A78E1EEEBFA400D0F095 /* CountryControls.xcassets */ = {isa = PBXFileReference; lastKnownFileType = folder.assetcatalog; path = CountryControls.xcassets; sourceTree = "<group>"; };
		3F92A78F1EEEBFA400D0F095 /* CountriesDataSource.swift */ = {isa = PBXFileReference; fileEncoding = 4; lastKnownFileType = sourcecode.swift; path = CountriesDataSource.swift; sourceTree = "<group>"; };
		3F92A7901EEEBFA400D0F095 /* CountriesViewController.swift */ = {isa = PBXFileReference; fileEncoding = 4; lastKnownFileType = sourcecode.swift; path = CountriesViewController.swift; sourceTree = "<group>"; };
		3F92A7911EEEBFA400D0F095 /* CountriesViewController.xib */ = {isa = PBXFileReference; fileEncoding = 4; lastKnownFileType = file.xib; path = CountriesViewController.xib; sourceTree = "<group>"; };
		3F92A7921EEEBFA400D0F095 /* Extentions.swift */ = {isa = PBXFileReference; fileEncoding = 4; lastKnownFileType = sourcecode.swift; path = Extentions.swift; sourceTree = "<group>"; };
		3F92A7931EEEBFA400D0F095 /* FMCountryTextField.swift */ = {isa = PBXFileReference; fileEncoding = 4; lastKnownFileType = sourcecode.swift; path = FMCountryTextField.swift; sourceTree = "<group>"; };
		3FA861571EE55FEB004A43B2 /* FMPhoneTextField.app */ = {isa = PBXFileReference; explicitFileType = wrapper.application; includeInIndex = 0; path = FMPhoneTextField.app; sourceTree = BUILT_PRODUCTS_DIR; };
		3FA8615A1EE55FEB004A43B2 /* AppDelegate.swift */ = {isa = PBXFileReference; lastKnownFileType = sourcecode.swift; path = AppDelegate.swift; sourceTree = "<group>"; };
		3FA8615C1EE55FEB004A43B2 /* ViewController.swift */ = {isa = PBXFileReference; lastKnownFileType = sourcecode.swift; path = ViewController.swift; sourceTree = "<group>"; };
		3FA8615F1EE55FEB004A43B2 /* Base */ = {isa = PBXFileReference; lastKnownFileType = file.storyboard; name = Base; path = Base.lproj/Main.storyboard; sourceTree = "<group>"; };
		3FA861611EE55FEB004A43B2 /* Assets.xcassets */ = {isa = PBXFileReference; lastKnownFileType = folder.assetcatalog; path = Assets.xcassets; sourceTree = "<group>"; };
		3FA861641EE55FEB004A43B2 /* Base */ = {isa = PBXFileReference; lastKnownFileType = file.storyboard; name = Base; path = Base.lproj/LaunchScreen.storyboard; sourceTree = "<group>"; };
		3FA861661EE55FEB004A43B2 /* Info.plist */ = {isa = PBXFileReference; lastKnownFileType = text.plist.xml; path = Info.plist; sourceTree = "<group>"; };
		EF8E15C823169B1300E0D2DB /* Country.swift */ = {isa = PBXFileReference; lastKnownFileType = sourcecode.swift; path = Country.swift; sourceTree = "<group>"; };
		EF8E15CD2317ABE400E0D2DB /* CountryCell.swift */ = {isa = PBXFileReference; lastKnownFileType = sourcecode.swift; path = CountryCell.swift; sourceTree = "<group>"; };
		EF8E15CE2317ABE400E0D2DB /* CountryCell.xib */ = {isa = PBXFileReference; lastKnownFileType = file.xib; path = CountryCell.xib; sourceTree = "<group>"; };
		EF8E15D22317B00600E0D2DB /* Language.swift */ = {isa = PBXFileReference; lastKnownFileType = sourcecode.swift; path = Language.swift; sourceTree = "<group>"; };
/* End PBXFileReference section */

/* Begin PBXFrameworksBuildPhase section */
		3FA861541EE55FEB004A43B2 /* Frameworks */ = {
			isa = PBXFrameworksBuildPhase;
			buildActionMask = 2147483647;
			files = (
			);
			runOnlyForDeploymentPostprocessing = 0;
		};
/* End PBXFrameworksBuildPhase section */

/* Begin PBXGroup section */
		3F92A78A1EEEBFA400D0F095 /* Classes */ = {
			isa = PBXGroup;
			children = (
				3F92A78B1EEEBFA400D0F095 /* Countries */,
				3F92A7921EEEBFA400D0F095 /* Extentions.swift */,
				3F92A7931EEEBFA400D0F095 /* FMCountryTextField.swift */,
			);
			path = Classes;
			sourceTree = SOURCE_ROOT;
		};
		3F92A78B1EEEBFA400D0F095 /* Countries */ = {
			isa = PBXGroup;
			children = (
				EF8E15D12317AFEC00E0D2DB /* Language */,
				EF8E15C723169AFF00E0D2DB /* Models */,
				EF8E15CA2316A52900E0D2DB /* Resources */,
				EF8E15D42317DDE500E0D2DB /* DataSource */,
				EF8E15CB2316A54100E0D2DB /* Controller */,
			);
			path = Countries;
			sourceTree = "<group>";
		};
		3FA8614E1EE55FEB004A43B2 = {
			isa = PBXGroup;
			children = (
				3FA861591EE55FEB004A43B2 /* FMPhoneTextField */,
				3FA861581EE55FEB004A43B2 /* Products */,
			);
			sourceTree = "<group>";
		};
		3FA861581EE55FEB004A43B2 /* Products */ = {
			isa = PBXGroup;
			children = (
				3FA861571EE55FEB004A43B2 /* FMPhoneTextField.app */,
			);
			name = Products;
			sourceTree = "<group>";
		};
		3FA861591EE55FEB004A43B2 /* FMPhoneTextField */ = {
			isa = PBXGroup;
			children = (
				3FA8615A1EE55FEB004A43B2 /* AppDelegate.swift */,
				3F92A78A1EEEBFA400D0F095 /* Classes */,
				3FA8615C1EE55FEB004A43B2 /* ViewController.swift */,
				3FA8615E1EE55FEB004A43B2 /* Main.storyboard */,
				3FA861611EE55FEB004A43B2 /* Assets.xcassets */,
				3FA861631EE55FEB004A43B2 /* LaunchScreen.storyboard */,
				3FA861661EE55FEB004A43B2 /* Info.plist */,
			);
			path = FMPhoneTextField;
			sourceTree = "<group>";
		};
		EF8E15C723169AFF00E0D2DB /* Models */ = {
			isa = PBXGroup;
			children = (
				EF8E15C823169B1300E0D2DB /* Country.swift */,
			);
			path = Models;
			sourceTree = "<group>";
		};
		EF8E15CA2316A52900E0D2DB /* Resources */ = {
			isa = PBXGroup;
			children = (
				3F92A78C1EEEBFA400D0F095 /* countries.json */,
				3F92A78E1EEEBFA400D0F095 /* CountryControls.xcassets */,
			);
			path = Resources;
			sourceTree = "<group>";
		};
		EF8E15CB2316A54100E0D2DB /* Controller */ = {
			isa = PBXGroup;
			children = (
				3F92A7901EEEBFA400D0F095 /* CountriesViewController.swift */,
				3F92A7911EEEBFA400D0F095 /* CountriesViewController.xib */,
				EF8E15CC2316A54800E0D2DB /* Cell */,
			);
			path = Controller;
			sourceTree = "<group>";
		};
		EF8E15CC2316A54800E0D2DB /* Cell */ = {
			isa = PBXGroup;
			children = (
				EF8E15CD2317ABE400E0D2DB /* CountryCell.swift */,
				EF8E15CE2317ABE400E0D2DB /* CountryCell.xib */,
			);
			path = Cell;
			sourceTree = "<group>";
		};
		EF8E15D12317AFEC00E0D2DB /* Language */ = {
			isa = PBXGroup;
			children = (
				EF8E15D22317B00600E0D2DB /* Language.swift */,
			);
			path = Language;
			sourceTree = "<group>";
		};
		EF8E15D42317DDE500E0D2DB /* DataSource */ = {
			isa = PBXGroup;
			children = (
				3F92A78F1EEEBFA400D0F095 /* CountriesDataSource.swift */,
			);
			path = DataSource;
			sourceTree = "<group>";
		};
/* End PBXGroup section */

/* Begin PBXNativeTarget section */
		3FA861561EE55FEB004A43B2 /* FMPhoneTextField */ = {
			isa = PBXNativeTarget;
			buildConfigurationList = 3FA861691EE55FEB004A43B2 /* Build configuration list for PBXNativeTarget "FMPhoneTextField" */;
			buildPhases = (
				3FA861531EE55FEB004A43B2 /* Sources */,
				3FA861541EE55FEB004A43B2 /* Frameworks */,
				3FA861551EE55FEB004A43B2 /* Resources */,
			);
			buildRules = (
			);
			dependencies = (
			);
			name = FMPhoneTextField;
			productName = FMPhoneTextField;
			productReference = 3FA861571EE55FEB004A43B2 /* FMPhoneTextField.app */;
			productType = "com.apple.product-type.application";
		};
/* End PBXNativeTarget section */

/* Begin PBXProject section */
		3FA8614F1EE55FEB004A43B2 /* Project object */ = {
			isa = PBXProject;
			attributes = {
				LastSwiftUpdateCheck = 0830;
				LastUpgradeCheck = 1030;
				ORGANIZATIONNAME = "Saad Basha";
				TargetAttributes = {
					3FA861561EE55FEB004A43B2 = {
						CreatedOnToolsVersion = 8.3.2;
						ProvisioningStyle = Automatic;
					};
				};
			};
			buildConfigurationList = 3FA861521EE55FEB004A43B2 /* Build configuration list for PBXProject "FMPhoneTextField" */;
			compatibilityVersion = "Xcode 3.2";
			developmentRegion = en;
			hasScannedForEncodings = 0;
			knownRegions = (
				en,
				Base,
			);
			mainGroup = 3FA8614E1EE55FEB004A43B2;
			productRefGroup = 3FA861581EE55FEB004A43B2 /* Products */;
			projectDirPath = "";
			projectRoot = "";
			targets = (
				3FA861561EE55FEB004A43B2 /* FMPhoneTextField */,
			);
		};
/* End PBXProject section */

/* Begin PBXResourcesBuildPhase section */
		3FA861551EE55FEB004A43B2 /* Resources */ = {
			isa = PBXResourcesBuildPhase;
			buildActionMask = 2147483647;
			files = (
				3FA861651EE55FEB004A43B2 /* LaunchScreen.storyboard in Resources */,
				3F92A7991EEEBFA400D0F095 /* CountriesViewController.xib in Resources */,
				3FA861621EE55FEB004A43B2 /* Assets.xcassets in Resources */,
				3F92A7961EEEBFA400D0F095 /* CountryControls.xcassets in Resources */,
				3F92A7941EEEBFA400D0F095 /* countries.json in Resources */,
				3FA861601EE55FEB004A43B2 /* Main.storyboard in Resources */,
				EF8E15D02317ABE400E0D2DB /* CountryCell.xib in Resources */,
			);
			runOnlyForDeploymentPostprocessing = 0;
		};
/* End PBXResourcesBuildPhase section */

/* Begin PBXSourcesBuildPhase section */
		3FA861531EE55FEB004A43B2 /* Sources */ = {
			isa = PBXSourcesBuildPhase;
			buildActionMask = 2147483647;
			files = (
				3FA8615D1EE55FEB004A43B2 /* ViewController.swift in Sources */,
				3F92A7981EEEBFA400D0F095 /* CountriesViewController.swift in Sources */,
				3F92A79A1EEEBFA400D0F095 /* Extentions.swift in Sources */,
				EF8E15D32317B00600E0D2DB /* Language.swift in Sources */,
				EF8E15CF2317ABE400E0D2DB /* CountryCell.swift in Sources */,
				3F92A7971EEEBFA400D0F095 /* CountriesDataSource.swift in Sources */,
				EF8E15C923169B1300E0D2DB /* Country.swift in Sources */,
				3F92A79B1EEEBFA400D0F095 /* FMCountryTextField.swift in Sources */,
				3FA8615B1EE55FEB004A43B2 /* AppDelegate.swift in Sources */,
			);
			runOnlyForDeploymentPostprocessing = 0;
		};
/* End PBXSourcesBuildPhase section */

/* Begin PBXVariantGroup section */
		3FA8615E1EE55FEB004A43B2 /* Main.storyboard */ = {
			isa = PBXVariantGroup;
			children = (
				3FA8615F1EE55FEB004A43B2 /* Base */,
			);
			name = Main.storyboard;
			sourceTree = "<group>";
		};
		3FA861631EE55FEB004A43B2 /* LaunchScreen.storyboard */ = {
			isa = PBXVariantGroup;
			children = (
				3FA861641EE55FEB004A43B2 /* Base */,
			);
			name = LaunchScreen.storyboard;
			sourceTree = "<group>";
		};
/* End PBXVariantGroup section */

/* Begin XCBuildConfiguration section */
		3FA861671EE55FEB004A43B2 /* Debug */ = {
			isa = XCBuildConfiguration;
			buildSettings = {
				ALWAYS_SEARCH_USER_PATHS = NO;
				CLANG_ANALYZER_NONNULL = YES;
				CLANG_ANALYZER_NUMBER_OBJECT_CONVERSION = YES_AGGRESSIVE;
				CLANG_CXX_LANGUAGE_STANDARD = "gnu++0x";
				CLANG_CXX_LIBRARY = "libc++";
				CLANG_ENABLE_MODULES = YES;
				CLANG_ENABLE_OBJC_ARC = YES;
				CLANG_WARN_BLOCK_CAPTURE_AUTORELEASING = YES;
				CLANG_WARN_BOOL_CONVERSION = YES;
				CLANG_WARN_COMMA = YES;
				CLANG_WARN_CONSTANT_CONVERSION = YES;
				CLANG_WARN_DEPRECATED_OBJC_IMPLEMENTATIONS = YES;
				CLANG_WARN_DIRECT_OBJC_ISA_USAGE = YES_ERROR;
				CLANG_WARN_DOCUMENTATION_COMMENTS = YES;
				CLANG_WARN_EMPTY_BODY = YES;
				CLANG_WARN_ENUM_CONVERSION = YES;
				CLANG_WARN_INFINITE_RECURSION = YES;
				CLANG_WARN_INT_CONVERSION = YES;
				CLANG_WARN_NON_LITERAL_NULL_CONVERSION = YES;
				CLANG_WARN_OBJC_IMPLICIT_RETAIN_SELF = YES;
				CLANG_WARN_OBJC_LITERAL_CONVERSION = YES;
				CLANG_WARN_OBJC_ROOT_CLASS = YES_ERROR;
				CLANG_WARN_RANGE_LOOP_ANALYSIS = YES;
				CLANG_WARN_STRICT_PROTOTYPES = YES;
				CLANG_WARN_SUSPICIOUS_MOVE = YES;
				CLANG_WARN_UNREACHABLE_CODE = YES;
				CLANG_WARN__DUPLICATE_METHOD_MATCH = YES;
				"CODE_SIGN_IDENTITY[sdk=iphoneos*]" = "iPhone Developer";
				COPY_PHASE_STRIP = NO;
				DEBUG_INFORMATION_FORMAT = dwarf;
				ENABLE_STRICT_OBJC_MSGSEND = YES;
				ENABLE_TESTABILITY = YES;
				GCC_C_LANGUAGE_STANDARD = gnu99;
				GCC_DYNAMIC_NO_PIC = NO;
				GCC_NO_COMMON_BLOCKS = YES;
				GCC_OPTIMIZATION_LEVEL = 0;
				GCC_PREPROCESSOR_DEFINITIONS = (
					"DEBUG=1",
					"$(inherited)",
				);
				GCC_WARN_64_TO_32_BIT_CONVERSION = YES;
				GCC_WARN_ABOUT_RETURN_TYPE = YES_ERROR;
				GCC_WARN_UNDECLARED_SELECTOR = YES;
				GCC_WARN_UNINITIALIZED_AUTOS = YES_AGGRESSIVE;
				GCC_WARN_UNUSED_FUNCTION = YES;
				GCC_WARN_UNUSED_VARIABLE = YES;
				IPHONEOS_DEPLOYMENT_TARGET = 10.3;
				MTL_ENABLE_DEBUG_INFO = YES;
				ONLY_ACTIVE_ARCH = YES;
				SDKROOT = iphoneos;
				SWIFT_ACTIVE_COMPILATION_CONDITIONS = DEBUG;
				SWIFT_OPTIMIZATION_LEVEL = "-Onone";
			};
			name = Debug;
		};
		3FA861681EE55FEB004A43B2 /* Release */ = {
			isa = XCBuildConfiguration;
			buildSettings = {
				ALWAYS_SEARCH_USER_PATHS = NO;
				CLANG_ANALYZER_NONNULL = YES;
				CLANG_ANALYZER_NUMBER_OBJECT_CONVERSION = YES_AGGRESSIVE;
				CLANG_CXX_LANGUAGE_STANDARD = "gnu++0x";
				CLANG_CXX_LIBRARY = "libc++";
				CLANG_ENABLE_MODULES = YES;
				CLANG_ENABLE_OBJC_ARC = YES;
				CLANG_WARN_BLOCK_CAPTURE_AUTORELEASING = YES;
				CLANG_WARN_BOOL_CONVERSION = YES;
				CLANG_WARN_COMMA = YES;
				CLANG_WARN_CONSTANT_CONVERSION = YES;
				CLANG_WARN_DEPRECATED_OBJC_IMPLEMENTATIONS = YES;
				CLANG_WARN_DIRECT_OBJC_ISA_USAGE = YES_ERROR;
				CLANG_WARN_DOCUMENTATION_COMMENTS = YES;
				CLANG_WARN_EMPTY_BODY = YES;
				CLANG_WARN_ENUM_CONVERSION = YES;
				CLANG_WARN_INFINITE_RECURSION = YES;
				CLANG_WARN_INT_CONVERSION = YES;
				CLANG_WARN_NON_LITERAL_NULL_CONVERSION = YES;
				CLANG_WARN_OBJC_IMPLICIT_RETAIN_SELF = YES;
				CLANG_WARN_OBJC_LITERAL_CONVERSION = YES;
				CLANG_WARN_OBJC_ROOT_CLASS = YES_ERROR;
				CLANG_WARN_RANGE_LOOP_ANALYSIS = YES;
				CLANG_WARN_STRICT_PROTOTYPES = YES;
				CLANG_WARN_SUSPICIOUS_MOVE = YES;
				CLANG_WARN_UNREACHABLE_CODE = YES;
				CLANG_WARN__DUPLICATE_METHOD_MATCH = YES;
				"CODE_SIGN_IDENTITY[sdk=iphoneos*]" = "iPhone Developer";
				COPY_PHASE_STRIP = NO;
				DEBUG_INFORMATION_FORMAT = "dwarf-with-dsym";
				ENABLE_NS_ASSERTIONS = NO;
				ENABLE_STRICT_OBJC_MSGSEND = YES;
				GCC_C_LANGUAGE_STANDARD = gnu99;
				GCC_NO_COMMON_BLOCKS = YES;
				GCC_WARN_64_TO_32_BIT_CONVERSION = YES;
				GCC_WARN_ABOUT_RETURN_TYPE = YES_ERROR;
				GCC_WARN_UNDECLARED_SELECTOR = YES;
				GCC_WARN_UNINITIALIZED_AUTOS = YES_AGGRESSIVE;
				GCC_WARN_UNUSED_FUNCTION = YES;
				GCC_WARN_UNUSED_VARIABLE = YES;
				IPHONEOS_DEPLOYMENT_TARGET = 10.3;
				MTL_ENABLE_DEBUG_INFO = NO;
				SDKROOT = iphoneos;
				SWIFT_OPTIMIZATION_LEVEL = "-Owholemodule";
				VALIDATE_PRODUCT = YES;
			};
			name = Release;
		};
		3FA8616A1EE55FEB004A43B2 /* Debug */ = {
			isa = XCBuildConfiguration;
			buildSettings = {
				ASSETCATALOG_COMPILER_APPICON_NAME = AppIcon;
				DEVELOPMENT_TEAM = "";
				INFOPLIST_FILE = FMPhoneTextField/Info.plist;
				IPHONEOS_DEPLOYMENT_TARGET = 9.0;
				LD_RUNPATH_SEARCH_PATHS = "$(inherited) @executable_path/Frameworks";
				PRODUCT_BUNDLE_IDENTIFIER = com.aaoii.FMPhoneTextField;
				PRODUCT_NAME = "$(TARGET_NAME)";
				SWIFT_VERSION = 5.0;
			};
			name = Debug;
		};
		3FA8616B1EE55FEB004A43B2 /* Release */ = {
			isa = XCBuildConfiguration;
			buildSettings = {
				ASSETCATALOG_COMPILER_APPICON_NAME = AppIcon;
				DEVELOPMENT_TEAM = "";
				INFOPLIST_FILE = FMPhoneTextField/Info.plist;
				IPHONEOS_DEPLOYMENT_TARGET = 9.0;
				LD_RUNPATH_SEARCH_PATHS = "$(inherited) @executable_path/Frameworks";
				PRODUCT_BUNDLE_IDENTIFIER = com.aaoii.FMPhoneTextField;
				PRODUCT_NAME = "$(TARGET_NAME)";
				SWIFT_VERSION = 5.0;
			};
			name = Release;
		};
/* End XCBuildConfiguration section */

/* Begin XCConfigurationList section */
		3FA861521EE55FEB004A43B2 /* Build configuration list for PBXProject "FMPhoneTextField" */ = {
			isa = XCConfigurationList;
			buildConfigurations = (
				3FA861671EE55FEB004A43B2 /* Debug */,
				3FA861681EE55FEB004A43B2 /* Release */,
			);
			defaultConfigurationIsVisible = 0;
			defaultConfigurationName = Release;
		};
		3FA861691EE55FEB004A43B2 /* Build configuration list for PBXNativeTarget "FMPhoneTextField" */ = {
			isa = XCConfigurationList;
			buildConfigurations = (
				3FA8616A1EE55FEB004A43B2 /* Debug */,
				3FA8616B1EE55FEB004A43B2 /* Release */,
			);
			defaultConfigurationIsVisible = 0;
			defaultConfigurationName = Release;
		};
/* End XCConfigurationList section */
	};
	rootObject = 3FA8614F1EE55FEB004A43B2 /* Project object */;
}
