// !$*UTF8*$!
{
	archiveVersion = 1;
	classes = {
	};
	objectVersion = 51;
	objects = {

/* Begin PBXBuildFile section */
		EF67FD2E233371BF0001A0EF /* AppDelegate.swift in Sources */ = {isa = PBXBuildFile; fileRef = EF67FD2D233371BF0001A0EF /* AppDelegate.swift */; };
		EF67FD30233371BF0001A0EF /* ViewController.swift in Sources */ = {isa = PBXBuildFile; fileRef = EF67FD2F233371BF0001A0EF /* ViewController.swift */; };
		EF67FD33233371BF0001A0EF /* Main.storyboard in Resources */ = {isa = PBXBuildFile; fileRef = EF67FD31233371BF0001A0EF /* Main.storyboard */; };
		EF67FD35233371C00001A0EF /* Assets.xcassets in Resources */ = {isa = PBXBuildFile; fileRef = EF67FD34233371C00001A0EF /* Assets.xcassets */; };
		EF67FD38233371C00001A0EF /* LaunchScreen.storyboard in Resources */ = {isa = PBXBuildFile; fileRef = EF67FD36233371C00001A0EF /* LaunchScreen.storyboard */; };
		FE4E5A00ECA8FC3BD270CDF4 /* Pods_FMPhoneTextField_Example.framework in Frameworks */ = {isa = PBXBuildFile; fileRef = 195D4E210F427C9EA8B5EACC /* Pods_FMPhoneTextField_Example.framework */; };
/* End PBXBuildFile section */

/* Begin PBXFileReference section */
		195D4E210F427C9EA8B5EACC /* Pods_FMPhoneTextField_Example.framework */ = {isa = PBXFileReference; explicitFileType = wrapper.framework; includeInIndex = 0; path = Pods_FMPhoneTextField_Example.framework; sourceTree = BUILT_PRODUCTS_DIR; };
		4BABB87307E291A1938F3BCB /* Pods-FMPhoneTextField-Example.release.xcconfig */ = {isa = PBXFileReference; includeInIndex = 1; lastKnownFileType = text.xcconfig; name = "Pods-FMPhoneTextField-Example.release.xcconfig"; path = "Target Support Files/Pods-FMPhoneTextField-Example/Pods-FMPhoneTextField-Example.release.xcconfig"; sourceTree = "<group>"; };
		992D7D9C86A1B2ADAA619266 /* Pods-FMPhoneTextField-Example.debug.xcconfig */ = {isa = PBXFileReference; includeInIndex = 1; lastKnownFileType = text.xcconfig; name = "Pods-FMPhoneTextField-Example.debug.xcconfig"; path = "Target Support Files/Pods-FMPhoneTextField-Example/Pods-FMPhoneTextField-Example.debug.xcconfig"; sourceTree = "<group>"; };
		EF67FD2A233371BF0001A0EF /* FMPhoneTextField-Example.app */ = {isa = PBXFileReference; explicitFileType = wrapper.application; includeInIndex = 0; path = "FMPhoneTextField-Example.app"; sourceTree = BUILT_PRODUCTS_DIR; };
		EF67FD2D233371BF0001A0EF /* AppDelegate.swift */ = {isa = PBXFileReference; lastKnownFileType = sourcecode.swift; path = AppDelegate.swift; sourceTree = "<group>"; };
		EF67FD2F233371BF0001A0EF /* ViewController.swift */ = {isa = PBXFileReference; lastKnownFileType = sourcecode.swift; path = ViewController.swift; sourceTree = "<group>"; };
		EF67FD32233371BF0001A0EF /* Base */ = {isa = PBXFileReference; lastKnownFileType = file.storyboard; name = Base; path = Base.lproj/Main.storyboard; sourceTree = "<group>"; };
		EF67FD34233371C00001A0EF /* Assets.xcassets */ = {isa = PBXFileReference; lastKnownFileType = folder.assetcatalog; path = Assets.xcassets; sourceTree = "<group>"; };
		EF67FD37233371C00001A0EF /* Base */ = {isa = PBXFileReference; lastKnownFileType = file.storyboard; name = Base; path = Base.lproj/LaunchScreen.storyboard; sourceTree = "<group>"; };
		EF67FD39233371C00001A0EF /* Info.plist */ = {isa = PBXFileReference; lastKnownFileType = text.plist.xml; path = Info.plist; sourceTree = "<group>"; };
/* End PBXFileReference section */

/* Begin PBXFrameworksBuildPhase section */
		EF67FD27233371BF0001A0EF /* Frameworks */ = {
			isa = PBXFrameworksBuildPhase;
			buildActionMask = 2147483647;
			files = (
				FE4E5A00ECA8FC3BD270CDF4 /* Pods_FMPhoneTextField_Example.framework in Frameworks */,
			);
			runOnlyForDeploymentPostprocessing = 0;
		};
/* End PBXFrameworksBuildPhase section */

/* Begin PBXGroup section */
		188BAE9E1F5A2E919550F4B7 /* Pods */ = {
			isa = PBXGroup;
			children = (
				992D7D9C86A1B2ADAA619266 /* Pods-FMPhoneTextField-Example.debug.xcconfig */,
				4BABB87307E291A1938F3BCB /* Pods-FMPhoneTextField-Example.release.xcconfig */,
			);
			path = Pods;
			sourceTree = "<group>";
		};
		18A8E1FD0ED6C25E97480589 /* Frameworks */ = {
			isa = PBXGroup;
			children = (
				195D4E210F427C9EA8B5EACC /* Pods_FMPhoneTextField_Example.framework */,
			);
			name = Frameworks;
			sourceTree = "<group>";
		};
		EF67FD21233371BF0001A0EF = {
			isa = PBXGroup;
			children = (
				EF67FD2C233371BF0001A0EF /* FMPhoneTextField-Example */,
				EF67FD2B233371BF0001A0EF /* Products */,
				188BAE9E1F5A2E919550F4B7 /* Pods */,
				18A8E1FD0ED6C25E97480589 /* Frameworks */,
			);
			sourceTree = "<group>";
		};
		EF67FD2B233371BF0001A0EF /* Products */ = {
			isa = PBXGroup;
			children = (
				EF67FD2A233371BF0001A0EF /* FMPhoneTextField-Example.app */,
			);
			name = Products;
			sourceTree = "<group>";
		};
		EF67FD2C233371BF0001A0EF /* FMPhoneTextField-Example */ = {
			isa = PBXGroup;
			children = (
				EF67FD2D233371BF0001A0EF /* AppDelegate.swift */,
				EF67FD2F233371BF0001A0EF /* ViewController.swift */,
				EF67FD31233371BF0001A0EF /* Main.storyboard */,
				EF67FD34233371C00001A0EF /* Assets.xcassets */,
				EF67FD36233371C00001A0EF /* LaunchScreen.storyboard */,
				EF67FD39233371C00001A0EF /* Info.plist */,
			);
			path = "FMPhoneTextField-Example";
			sourceTree = "<group>";
		};
/* End PBXGroup section */

/* Begin PBXNativeTarget section */
		EF67FD29233371BF0001A0EF /* FMPhoneTextField-Example */ = {
			isa = PBXNativeTarget;
			buildConfigurationList = EF67FD3C233371C00001A0EF /* Build configuration list for PBXNativeTarget "FMPhoneTextField-Example" */;
			buildPhases = (
				92CEFEBCB963D564C282FE95 /* [CP] Check Pods Manifest.lock */,
				EF67FD26233371BF0001A0EF /* Sources */,
				EF67FD27233371BF0001A0EF /* Frameworks */,
				EF67FD28233371BF0001A0EF /* Resources */,
				6B7148B393F522D7FA7999F7 /* [CP] Embed Pods Frameworks */,
			);
			buildRules = (
			);
			dependencies = (
			);
			name = "FMPhoneTextField-Example";
			productName = "FMPhoneTextField-Example";
			productReference = EF67FD2A233371BF0001A0EF /* FMPhoneTextField-Example.app */;
			productType = "com.apple.product-type.application";
		};
/* End PBXNativeTarget section */

/* Begin PBXProject section */
		EF67FD22233371BF0001A0EF /* Project object */ = {
			isa = PBXProject;
			attributes = {
				LastSwiftUpdateCheck = 1030;
				LastUpgradeCheck = 1030;
				ORGANIZATIONNAME = "Saad Albasha";
				TargetAttributes = {
					EF67FD29233371BF0001A0EF = {
						CreatedOnToolsVersion = 10.3;
					};
				};
			};
			buildConfigurationList = EF67FD25233371BF0001A0EF /* Build configuration list for PBXProject "FMPhoneTextField-Example" */;
			compatibilityVersion = "Xcode 9.3";
			developmentRegion = en;
			hasScannedForEncodings = 0;
			knownRegions = (
				en,
				Base,
			);
			mainGroup = EF67FD21233371BF0001A0EF;
			productRefGroup = EF67FD2B233371BF0001A0EF /* Products */;
			projectDirPath = "";
			projectRoot = "";
			targets = (
				EF67FD29233371BF0001A0EF /* FMPhoneTextField-Example */,
			);
		};
/* End PBXProject section */

/* Begin PBXResourcesBuildPhase section */
		EF67FD28233371BF0001A0EF /* Resources */ = {
			isa = PBXResourcesBuildPhase;
			buildActionMask = 2147483647;
			files = (
				EF67FD38233371C00001A0EF /* LaunchScreen.storyboard in Resources */,
				EF67FD35233371C00001A0EF /* Assets.xcassets in Resources */,
				EF67FD33233371BF0001A0EF /* Main.storyboard in Resources */,
			);
			runOnlyForDeploymentPostprocessing = 0;
		};
/* End PBXResourcesBuildPhase section */

/* Begin PBXShellScriptBuildPhase section */
		6B7148B393F522D7FA7999F7 /* [CP] Embed Pods Frameworks */ = {
			isa = PBXShellScriptBuildPhase;
			buildActionMask = 2147483647;
			files = (
			);
			inputFileListPaths = (
				"${PODS_ROOT}/Target Support Files/Pods-FMPhoneTextField-Example/Pods-FMPhoneTextField-Example-frameworks-${CONFIGURATION}-input-files.xcfilelist",
			);
			name = "[CP] Embed Pods Frameworks";
			outputFileListPaths = (
				"${PODS_ROOT}/Target Support Files/Pods-FMPhoneTextField-Example/Pods-FMPhoneTextField-Example-frameworks-${CONFIGURATION}-output-files.xcfilelist",
			);
			runOnlyForDeploymentPostprocessing = 0;
			shellPath = /bin/sh;
			shellScript = "\"${PODS_ROOT}/Target Support Files/Pods-FMPhoneTextField-Example/Pods-FMPhoneTextField-Example-frameworks.sh\"\n";
			showEnvVarsInLog = 0;
		};
		92CEFEBCB963D564C282FE95 /* [CP] Check Pods Manifest.lock */ = {
			isa = PBXShellScriptBuildPhase;
			buildActionMask = 2147483647;
			files = (
			);
			inputFileListPaths = (
			);
			inputPaths = (
				"${PODS_PODFILE_DIR_PATH}/Podfile.lock",
				"${PODS_ROOT}/Manifest.lock",
			);
			name = "[CP] Check Pods Manifest.lock";
			outputFileListPaths = (
			);
			outputPaths = (
				"$(DERIVED_FILE_DIR)/Pods-FMPhoneTextField-Example-checkManifestLockResult.txt",
			);
			runOnlyForDeploymentPostprocessing = 0;
			shellPath = /bin/sh;
			shellScript = "diff \"${PODS_PODFILE_DIR_PATH}/Podfile.lock\" \"${PODS_ROOT}/Manifest.lock\" > /dev/null\nif [ $? != 0 ] ; then\n    # print error to STDERR\n    echo \"error: The sandbox is not in sync with the Podfile.lock. Run 'pod install' or update your CocoaPods installation.\" >&2\n    exit 1\nfi\n# This output is used by Xcode 'outputs' to avoid re-running this script phase.\necho \"SUCCESS\" > \"${SCRIPT_OUTPUT_FILE_0}\"\n";
			showEnvVarsInLog = 0;
		};
/* End PBXShellScriptBuildPhase section */

/* Begin PBXSourcesBuildPhase section */
		EF67FD26233371BF0001A0EF /* Sources */ = {
			isa = PBXSourcesBuildPhase;
			buildActionMask = 2147483647;
			files = (
				EF67FD30233371BF0001A0EF /* ViewController.swift in Sources */,
				EF67FD2E233371BF0001A0EF /* AppDelegate.swift in Sources */,
			);
			runOnlyForDeploymentPostprocessing = 0;
		};
/* End PBXSourcesBuildPhase section */

/* Begin PBXVariantGroup section */
		EF67FD31233371BF0001A0EF /* Main.storyboard */ = {
			isa = PBXVariantGroup;
			children = (
				EF67FD32233371BF0001A0EF /* Base */,
			);
			name = Main.storyboard;
			sourceTree = "<group>";
		};
		EF67FD36233371C00001A0EF /* LaunchScreen.storyboard */ = {
			isa = PBXVariantGroup;
			children = (
				EF67FD37233371C00001A0EF /* Base */,
			);
			name = LaunchScreen.storyboard;
			sourceTree = "<group>";
		};
/* End PBXVariantGroup section */

/* Begin XCBuildConfiguration section */
		EF67FD3A233371C00001A0EF /* Debug */ = {
			isa = XCBuildConfiguration;
			buildSettings = {
				ALWAYS_SEARCH_USER_PATHS = NO;
				CLANG_ANALYZER_NONNULL = YES;
				CLANG_ANALYZER_NUMBER_OBJECT_CONVERSION = YES_AGGRESSIVE;
				CLANG_CXX_LANGUAGE_STANDARD = "gnu++14";
				CLANG_CXX_LIBRARY = "libc++";
				CLANG_ENABLE_MODULES = YES;
				CLANG_ENABLE_OBJC_ARC = YES;
				CLANG_ENABLE_OBJC_WEAK = YES;
				CLANG_WARN_BLOCK_CAPTURE_AUTORELEASING = YES;
				CLANG_WARN_BOOL_CONVERSION = YES;
				CLANG_WARN_COMMA = YES;
				CLANG_WARN_CONSTANT_CONVERSION = YES;
				CLANG_WARN_DEPRECATED_OBJC_IMPLEMENTATIONS = YES;
				CLANG_WARN_DIRECT_OBJC_ISA_USAGE = YES_ERROR;
				CLANG_WARN_DOCUMENTATION_COMMENTS = YES;
				CLANG_WARN_EMPTY_BODY = YES;
				CLANG_WARN_ENUM_CONVERSION = YES;
				CLANG_WARN_INFINITE_RECURSION = YES;
				CLANG_WARN_INT_CONVERSION = YES;
				CLANG_WARN_NON_LITERAL_NULL_CONVERSION = YES;
				CLANG_WARN_OBJC_IMPLICIT_RETAIN_SELF = YES;
				CLANG_WARN_OBJC_LITERAL_CONVERSION = YES;
				CLANG_WARN_OBJC_ROOT_CLASS = YES_ERROR;
				CLANG_WARN_RANGE_LOOP_ANALYSIS = YES;
				CLANG_WARN_STRICT_PROTOTYPES = YES;
				CLANG_WARN_SUSPICIOUS_MOVE = YES;
				CLANG_WARN_UNGUARDED_AVAILABILITY = YES_AGGRESSIVE;
				CLANG_WARN_UNREACHABLE_CODE = YES;
				CLANG_WARN__DUPLICATE_METHOD_MATCH = YES;
				CODE_SIGN_IDENTITY = "iPhone Developer";
				COPY_PHASE_STRIP = NO;
				DEBUG_INFORMATION_FORMAT = dwarf;
				ENABLE_STRICT_OBJC_MSGSEND = YES;
				ENABLE_TESTABILITY = YES;
				GCC_C_LANGUAGE_STANDARD = gnu11;
				GCC_DYNAMIC_NO_PIC = NO;
				GCC_NO_COMMON_BLOCKS = YES;
				GCC_OPTIMIZATION_LEVEL = 0;
				GCC_PREPROCESSOR_DEFINITIONS = (
					"DEBUG=1",
					"$(inherited)",
				);
				GCC_WARN_64_TO_32_BIT_CONVERSION = YES;
				GCC_WARN_ABOUT_RETURN_TYPE = YES_ERROR;
				GCC_WARN_UNDECLARED_SELECTOR = YES;
				GCC_WARN_UNINITIALIZED_AUTOS = YES_AGGRESSIVE;
				GCC_WARN_UNUSED_FUNCTION = YES;
				GCC_WARN_UNUSED_VARIABLE = YES;
				IPHONEOS_DEPLOYMENT_TARGET = 12.4;
				MTL_ENABLE_DEBUG_INFO = INCLUDE_SOURCE;
				MTL_FAST_MATH = YES;
				ONLY_ACTIVE_ARCH = YES;
				SDKROOT = iphoneos;
				SWIFT_ACTIVE_COMPILATION_CONDITIONS = DEBUG;
				SWIFT_OPTIMIZATION_LEVEL = "-Onone";
			};
			name = Debug;
		};
		EF67FD3B233371C00001A0EF /* Release */ = {
			isa = XCBuildConfiguration;
			buildSettings = {
				ALWAYS_SEARCH_USER_PATHS = NO;
				CLANG_ANALYZER_NONNULL = YES;
				CLANG_ANALYZER_NUMBER_OBJECT_CONVERSION = YES_AGGRESSIVE;
				CLANG_CXX_LANGUAGE_STANDARD = "gnu++14";
				CLANG_CXX_LIBRARY = "libc++";
				CLANG_ENABLE_MODULES = YES;
				CLANG_ENABLE_OBJC_ARC = YES;
				CLANG_ENABLE_OBJC_WEAK = YES;
				CLANG_WARN_BLOCK_CAPTURE_AUTORELEASING = YES;
				CLANG_WARN_BOOL_CONVERSION = YES;
				CLANG_WARN_COMMA = YES;
				CLANG_WARN_CONSTANT_CONVERSION = YES;
				CLANG_WARN_DEPRECATED_OBJC_IMPLEMENTATIONS = YES;
				CLANG_WARN_DIRECT_OBJC_ISA_USAGE = YES_ERROR;
				CLANG_WARN_DOCUMENTATION_COMMENTS = YES;
				CLANG_WARN_EMPTY_BODY = YES;
				CLANG_WARN_ENUM_CONVERSION = YES;
				CLANG_WARN_INFINITE_RECURSION = YES;
				CLANG_WARN_INT_CONVERSION = YES;
				CLANG_WARN_NON_LITERAL_NULL_CONVERSION = YES;
				CLANG_WARN_OBJC_IMPLICIT_RETAIN_SELF = YES;
				CLANG_WARN_OBJC_LITERAL_CONVERSION = YES;
				CLANG_WARN_OBJC_ROOT_CLASS = YES_ERROR;
				CLANG_WARN_RANGE_LOOP_ANALYSIS = YES;
				CLANG_WARN_STRICT_PROTOTYPES = YES;
				CLANG_WARN_SUSPICIOUS_MOVE = YES;
				CLANG_WARN_UNGUARDED_AVAILABILITY = YES_AGGRESSIVE;
				CLANG_WARN_UNREACHABLE_CODE = YES;
				CLANG_WARN__DUPLICATE_METHOD_MATCH = YES;
				CODE_SIGN_IDENTITY = "iPhone Developer";
				COPY_PHASE_STRIP = NO;
				DEBUG_INFORMATION_FORMAT = "dwarf-with-dsym";
				ENABLE_NS_ASSERTIONS = NO;
				ENABLE_STRICT_OBJC_MSGSEND = YES;
				GCC_C_LANGUAGE_STANDARD = gnu11;
				GCC_NO_COMMON_BLOCKS = YES;
				GCC_WARN_64_TO_32_BIT_CONVERSION = YES;
				GCC_WARN_ABOUT_RETURN_TYPE = YES_ERROR;
				GCC_WARN_UNDECLARED_SELECTOR = YES;
				GCC_WARN_UNINITIALIZED_AUTOS = YES_AGGRESSIVE;
				GCC_WARN_UNUSED_FUNCTION = YES;
				GCC_WARN_UNUSED_VARIABLE = YES;
				IPHONEOS_DEPLOYMENT_TARGET = 12.4;
				MTL_ENABLE_DEBUG_INFO = NO;
				MTL_FAST_MATH = YES;
				SDKROOT = iphoneos;
				SWIFT_COMPILATION_MODE = wholemodule;
				SWIFT_OPTIMIZATION_LEVEL = "-O";
				VALIDATE_PRODUCT = YES;
			};
			name = Release;
		};
		EF67FD3D233371C00001A0EF /* Debug */ = {
			isa = XCBuildConfiguration;
			baseConfigurationReference = 992D7D9C86A1B2ADAA619266 /* Pods-FMPhoneTextField-Example.debug.xcconfig */;
			buildSettings = {
				ASSETCATALOG_COMPILER_APPICON_NAME = AppIcon;
				CODE_SIGN_STYLE = Automatic;
				INFOPLIST_FILE = "FMPhoneTextField-Example/Info.plist";
				IPHONEOS_DEPLOYMENT_TARGET = 9.0;
				LD_RUNPATH_SEARCH_PATHS = (
					"$(inherited)",
					"@executable_path/Frameworks",
				);
				PRODUCT_BUNDLE_IDENTIFIER = "com.aaoii.FMPhoneTextField-Example";
				PRODUCT_NAME = "$(TARGET_NAME)";
				SWIFT_VERSION = 5.0;
				TARGETED_DEVICE_FAMILY = "1,2";
			};
			name = Debug;
		};
		EF67FD3E233371C00001A0EF /* Release */ = {
			isa = XCBuildConfiguration;
			baseConfigurationReference = 4BABB87307E291A1938F3BCB /* Pods-FMPhoneTextField-Example.release.xcconfig */;
			buildSettings = {
				ASSETCATALOG_COMPILER_APPICON_NAME = AppIcon;
				CODE_SIGN_STYLE = Automatic;
				INFOPLIST_FILE = "FMPhoneTextField-Example/Info.plist";
				IPHONEOS_DEPLOYMENT_TARGET = 9.0;
				LD_RUNPATH_SEARCH_PATHS = (
					"$(inherited)",
					"@executable_path/Frameworks",
				);
				PRODUCT_BUNDLE_IDENTIFIER = "com.aaoii.FMPhoneTextField-Example";
				PRODUCT_NAME = "$(TARGET_NAME)";
				SWIFT_VERSION = 5.0;
				TARGETED_DEVICE_FAMILY = "1,2";
			};
			name = Release;
		};
/* End XCBuildConfiguration section */

/* Begin XCConfigurationList section */
		EF67FD25233371BF0001A0EF /* Build configuration list for PBXProject "FMPhoneTextField-Example" */ = {
			isa = XCConfigurationList;
			buildConfigurations = (
				EF67FD3A233371C00001A0EF /* Debug */,
				EF67FD3B233371C00001A0EF /* Release */,
			);
			defaultConfigurationIsVisible = 0;
			defaultConfigurationName = Release;
		};
		EF67FD3C233371C00001A0EF /* Build configuration list for PBXNativeTarget "FMPhoneTextField-Example" */ = {
			isa = XCConfigurationList;
			buildConfigurations = (
				EF67FD3D233371C00001A0EF /* Debug */,
				EF67FD3E233371C00001A0EF /* Release */,
			);
			defaultConfigurationIsVisible = 0;
			defaultConfigurationName = Release;
		};
/* End XCConfigurationList section */
	};
	rootObject = EF67FD22233371BF0001A0EF /* Project object */;
}
